<?xml version="1.0" encoding="utf-8"?>
<Project ToolsVersion="4.0" xmlns="http://schemas.microsoft.com/developer/msbuild/2003">
  <ItemGroup>
    <ClInclude Include="..\..\source\PlatformBase.h" />
    <ClInclude Include="..\..\source\RenderAPI.h" />
    <ClInclude Include="..\..\source\Unity\IUnityGraphics.h">
      <Filter>Unity</Filter>
    </ClInclude>
    <ClInclude Include="..\..\source\Unity\IUnityGraphicsD3D12.h">
      <Filter>Unity</Filter>
    </ClInclude>
    <ClInclude Include="..\..\source\Unity\IUnityInterface.h">
      <Filter>Unity</Filter>
    </ClInclude>
    <ClInclude Include="..\..\source\HookWrapper.h" />
    <ClInclude Include="..\..\source\Unity\IUnityEventQueue.h" />
    <ClInclude Include="..\..\source\Unity\IUnityGraphicsVulkan.h" />
    <ClInclude Include="..\..\source\Unity\IUnityLog.h" />
    <ClInclude Include="..\..\source\Unity\IUnityMemoryManager.h" />
    <ClInclude Include="..\..\source\Unity\IUnityProfiler.h" />
    <ClInclude Include="..\..\source\Unity\IUnityProfilerCallbacks.h" />
    <ClInclude Include="..\..\source\Unity\IUnityRenderingExtensions.h" />
    <ClInclude Include="..\..\source\Unity\IUnityShaderCompilerAccess.h" />
  </ItemGroup>
  <ItemGroup>
    <ClCompile Include="..\..\source\RenderingPlugin.cpp" />
  </ItemGroup>
  <ItemGroup>
    <Filter Include="Unity">
      <UniqueIdentifier>{c01468d4-90d4-4d19-9a9b-ee2f1b5e9083}</UniqueIdentifier>
    </Filter>
  </ItemGroup>
  <ItemGroup>
    <None Include="..\..\source\RenderingPlugin.def" />
    <None Include="packages.config" />
  </ItemGroup>
</Project>